
Microsoft Visual Studio Solution File, Format Version 12.00
# Visual Studio Version 17
VisualStudioVersion = 17.4.33213.308
MinimumVisualStudioVersion = 10.0.40219.1
Project("{FAE04EC0-301F-11D3-BF4B-00C04F79EFBC}") = "SixTakes", "SixTakes\SixTakes.csproj", "{5C39589C-4DD1-4895-A3AB-862CF4036A39}"
EndProject
Global
	GlobalSection(SolutionConfigurationPlatforms) = preSolution
		Debug|Any CPU = Debug|Any CPU
		Release|Any CPU = Release|Any CPU
	EndGlobalSection
	GlobalSection(ProjectConfigurationPlatforms) = postSolution
		{5C39589C-4DD1-4895-A3AB-862CF4036A39}.Debug|Any CPU.ActiveCfg = Debug|Any CPU
		{5C39589C-4DD1-4895-A3AB-862CF4036A39}.Debug|Any CPU.Build.0 = Debug|Any CPU
		{5C39589C-4DD1-4895-A3AB-862CF4036A39}.Release|Any CPU.ActiveCfg = Release|Any CPU
		{5C39589C-4DD1-4895-A3AB-862CF4036A39}.Release|Any CPU.Build.0 = Release|Any CPU
	EndGlobalSection
	GlobalSection(SolutionProperties) = preSolution
		HideSolutionNode = FALSE
	EndGlobalSection
	GlobalSection(ExtensibilityGlobals) = postSolution
		SolutionGuid = {648CD928-B3A6-4DB5-B83B-CE14F76C9E37}
	EndGlobalSection
EndGlobal
