
Microsoft Visual Studio Solution File, Format Version 12.00
# Visual Studio Version 17
VisualStudioVersion = 17.4.33213.308
MinimumVisualStudioVersion = 10.0.40219.1
Project("{9A19103F-16F7-4668-BE54-9A1E7A4F7556}") = "SixTakes", "SixTakes\SixTakes.csproj", "{5C39589C-4DD1-4895-A3AB-862CF4036A39}"
EndProject
Project("{9A19103F-16F7-4668-BE54-9A1E7A4F7556}") = "SixTakesUnitTest", "SixTakesUnitTest\SixTakesUnitTest.csproj", "{684C0C5D-3CA2-4984-965F-4741888F3BFD}"
EndProject
Project("{2150E333-8FDC-42A3-9474-1A3956D46DE8}") = "Solution Items", "Solution Items", "{FC1DDDDA-3828-4689-85E5-65467E93F894}"
	ProjectSection(SolutionItems) = preProject
		Comparison.md = Comparison.md
		Documentation.md = Documentation.md
		README.md = README.md
	EndProjectSection
EndProject
Global
	GlobalSection(SolutionConfigurationPlatforms) = preSolution
		Debug|Any CPU = Debug|Any CPU
		Release|Any CPU = Release|Any CPU
	EndGlobalSection
	GlobalSection(ProjectConfigurationPlatforms) = postSolution
		{5C39589C-4DD1-4895-A3AB-862CF4036A39}.Debug|Any CPU.ActiveCfg = Debug|Any CPU
		{5C39589C-4DD1-4895-A3AB-862CF4036A39}.Debug|Any CPU.Build.0 = Debug|Any CPU
		{5C39589C-4DD1-4895-A3AB-862CF4036A39}.Release|Any CPU.ActiveCfg = Release|Any CPU
		{5C39589C-4DD1-4895-A3AB-862CF4036A39}.Release|Any CPU.Build.0 = Release|Any CPU
		{684C0C5D-3CA2-4984-965F-4741888F3BFD}.Debug|Any CPU.ActiveCfg = Debug|Any CPU
		{684C0C5D-3CA2-4984-965F-4741888F3BFD}.Debug|Any CPU.Build.0 = Debug|Any CPU
		{684C0C5D-3CA2-4984-965F-4741888F3BFD}.Release|Any CPU.ActiveCfg = Release|Any CPU
		{684C0C5D-3CA2-4984-965F-4741888F3BFD}.Release|Any CPU.Build.0 = Release|Any CPU
	EndGlobalSection
	GlobalSection(SolutionProperties) = preSolution
		HideSolutionNode = FALSE
	EndGlobalSection
	GlobalSection(ExtensibilityGlobals) = postSolution
		SolutionGuid = {648CD928-B3A6-4DB5-B83B-CE14F76C9E37}
	EndGlobalSection
EndGlobal
